// !$*UTF8*$!
{
	archiveVersion = 1;
	classes = {
	};
	objectVersion = 50;
	objects = {

/* Begin PBXBuildFile section */
		BAACF2ED24525F6B006ADFA8 /* AppDelegate.swift in Sources */ = {isa = PBXBuildFile; fileRef = BAACF2EC24525F6B006ADFA8 /* AppDelegate.swift */; };
		BAACF2EF24525F6B006ADFA8 /* SceneDelegate.swift in Sources */ = {isa = PBXBuildFile; fileRef = BAACF2EE24525F6B006ADFA8 /* SceneDelegate.swift */; };
		BAACF2F124525F6B006ADFA8 /* ContentView.swift in Sources */ = {isa = PBXBuildFile; fileRef = BAACF2F024525F6B006ADFA8 /* ContentView.swift */; };
		BAACF2F324525F6E006ADFA8 /* Assets.xcassets in Resources */ = {isa = PBXBuildFile; fileRef = BAACF2F224525F6E006ADFA8 /* Assets.xcassets */; };
		BAACF2F624525F6E006ADFA8 /* Preview Assets.xcassets in Resources */ = {isa = PBXBuildFile; fileRef = BAACF2F524525F6E006ADFA8 /* Preview Assets.xcassets */; };
		BAACF2F924525F6E006ADFA8 /* LaunchScreen.storyboard in Resources */ = {isa = PBXBuildFile; fileRef = BAACF2F724525F6E006ADFA8 /* LaunchScreen.storyboard */; };
		BAACF30424525F6E006ADFA8 /* testingXCodeTests.swift in Sources */ = {isa = PBXBuildFile; fileRef = BAACF30324525F6E006ADFA8 /* testingXCodeTests.swift */; };
		BAACF30F24525F6F006ADFA8 /* testingXCodeUITests.swift in Sources */ = {isa = PBXBuildFile; fileRef = BAACF30E24525F6F006ADFA8 /* testingXCodeUITests.swift */; };
/* End PBXBuildFile section */

/* Begin PBXContainerItemProxy section */
		BAACF30024525F6E006ADFA8 /* PBXContainerItemProxy */ = {
			isa = PBXContainerItemProxy;
			containerPortal = BAACF2E124525F6B006ADFA8 /* Project object */;
			proxyType = 1;
			remoteGlobalIDString = BAACF2E824525F6B006ADFA8;
			remoteInfo = testingXCode;
		};
		BAACF30B24525F6F006ADFA8 /* PBXContainerItemProxy */ = {
			isa = PBXContainerItemProxy;
			containerPortal = BAACF2E124525F6B006ADFA8 /* Project object */;
			proxyType = 1;
			remoteGlobalIDString = BAACF2E824525F6B006ADFA8;
			remoteInfo = testingXCode;
		};
/* End PBXContainerItemProxy section */

/* Begin PBXFileReference section */
		BAACF2E924525F6B006ADFA8 /* testingXCode.app */ = {isa = PBXFileReference; explicitFileType = wrapper.application; includeInIndex = 0; path = testingXCode.app; sourceTree = BUILT_PRODUCTS_DIR; };
		BAACF2EC24525F6B006ADFA8 /* AppDelegate.swift */ = {isa = PBXFileReference; lastKnownFileType = sourcecode.swift; path = AppDelegate.swift; sourceTree = "<group>"; };
		BAACF2EE24525F6B006ADFA8 /* SceneDelegate.swift */ = {isa = PBXFileReference; lastKnownFileType = sourcecode.swift; path = SceneDelegate.swift; sourceTree = "<group>"; };
		BAACF2F024525F6B006ADFA8 /* ContentView.swift */ = {isa = PBXFileReference; lastKnownFileType = sourcecode.swift; path = ContentView.swift; sourceTree = "<group>"; };
		BAACF2F224525F6E006ADFA8 /* Assets.xcassets */ = {isa = PBXFileReference; lastKnownFileType = folder.assetcatalog; path = Assets.xcassets; sourceTree = "<group>"; };
		BAACF2F524525F6E006ADFA8 /* Preview Assets.xcassets */ = {isa = PBXFileReference; lastKnownFileType = folder.assetcatalog; path = "Preview Assets.xcassets"; sourceTree = "<group>"; };
		BAACF2F824525F6E006ADFA8 /* Base */ = {isa = PBXFileReference; lastKnownFileType = file.storyboard; name = Base; path = Base.lproj/LaunchScreen.storyboard; sourceTree = "<group>"; };
		BAACF2FA24525F6E006ADFA8 /* Info.plist */ = {isa = PBXFileReference; lastKnownFileType = text.plist.xml; path = Info.plist; sourceTree = "<group>"; };
		BAACF2FF24525F6E006ADFA8 /* testingXCodeTests.xctest */ = {isa = PBXFileReference; explicitFileType = wrapper.cfbundle; includeInIndex = 0; path = testingXCodeTests.xctest; sourceTree = BUILT_PRODUCTS_DIR; };
		BAACF30324525F6E006ADFA8 /* testingXCodeTests.swift */ = {isa = PBXFileReference; lastKnownFileType = sourcecode.swift; path = testingXCodeTests.swift; sourceTree = "<group>"; };
		BAACF30524525F6E006ADFA8 /* Info.plist */ = {isa = PBXFileReference; lastKnownFileType = text.plist.xml; path = Info.plist; sourceTree = "<group>"; };
		BAACF30A24525F6F006ADFA8 /* testingXCodeUITests.xctest */ = {isa = PBXFileReference; explicitFileType = wrapper.cfbundle; includeInIndex = 0; path = testingXCodeUITests.xctest; sourceTree = BUILT_PRODUCTS_DIR; };
		BAACF30E24525F6F006ADFA8 /* testingXCodeUITests.swift */ = {isa = PBXFileReference; lastKnownFileType = sourcecode.swift; path = testingXCodeUITests.swift; sourceTree = "<group>"; };
		BAACF31024525F6F006ADFA8 /* Info.plist */ = {isa = PBXFileReference; lastKnownFileType = text.plist.xml; path = Info.plist; sourceTree = "<group>"; };
/* End PBXFileReference section */

/* Begin PBXFrameworksBuildPhase section */
		BAACF2E624525F6B006ADFA8 /* Frameworks */ = {
			isa = PBXFrameworksBuildPhase;
			buildActionMask = 2147483647;
			files = (
			);
			runOnlyForDeploymentPostprocessing = 0;
		};
		BAACF2FC24525F6E006ADFA8 /* Frameworks */ = {
			isa = PBXFrameworksBuildPhase;
			buildActionMask = 2147483647;
			files = (
			);
			runOnlyForDeploymentPostprocessing = 0;
		};
		BAACF30724525F6F006ADFA8 /* Frameworks */ = {
			isa = PBXFrameworksBuildPhase;
			buildActionMask = 2147483647;
			files = (
			);
			runOnlyForDeploymentPostprocessing = 0;
		};
/* End PBXFrameworksBuildPhase section */

/* Begin PBXGroup section */
		BAACF2E024525F6B006ADFA8 = {
			isa = PBXGroup;
			children = (
				BAACF2EB24525F6B006ADFA8 /* testingXCode */,
				BAACF30224525F6E006ADFA8 /* testingXCodeTests */,
				BAACF30D24525F6F006ADFA8 /* testingXCodeUITests */,
				BAACF2EA24525F6B006ADFA8 /* Products */,
			);
			sourceTree = "<group>";
		};
		BAACF2EA24525F6B006ADFA8 /* Products */ = {
			isa = PBXGroup;
			children = (
				BAACF2E924525F6B006ADFA8 /* testingXCode.app */,
				BAACF2FF24525F6E006ADFA8 /* testingXCodeTests.xctest */,
				BAACF30A24525F6F006ADFA8 /* testingXCodeUITests.xctest */,
			);
			name = Products;
			sourceTree = "<group>";
		};
		BAACF2EB24525F6B006ADFA8 /* testingXCode */ = {
			isa = PBXGroup;
			children = (
				BAACF2EC24525F6B006ADFA8 /* AppDelegate.swift */,
				BAACF2EE24525F6B006ADFA8 /* SceneDelegate.swift */,
				BAACF2F024525F6B006ADFA8 /* ContentView.swift */,
				BAACF2F224525F6E006ADFA8 /* Assets.xcassets */,
				BAACF2F724525F6E006ADFA8 /* LaunchScreen.storyboard */,
				BAACF2FA24525F6E006ADFA8 /* Info.plist */,
				BAACF2F424525F6E006ADFA8 /* Preview Content */,
			);
			path = testingXCode;
			sourceTree = "<group>";
		};
		BAACF2F424525F6E006ADFA8 /* Preview Content */ = {
			isa = PBXGroup;
			children = (
				BAACF2F524525F6E006ADFA8 /* Preview Assets.xcassets */,
			);
			path = "Preview Content";
			sourceTree = "<group>";
		};
		BAACF30224525F6E006ADFA8 /* testingXCodeTests */ = {
			isa = PBXGroup;
			children = (
				BAACF30324525F6E006ADFA8 /* testingXCodeTests.swift */,
				BAACF30524525F6E006ADFA8 /* Info.plist */,
			);
			path = testingXCodeTests;
			sourceTree = "<group>";
		};
		BAACF30D24525F6F006ADFA8 /* testingXCodeUITests */ = {
			isa = PBXGroup;
			children = (
				BAACF30E24525F6F006ADFA8 /* testingXCodeUITests.swift */,
				BAACF31024525F6F006ADFA8 /* Info.plist */,
			);
			path = testingXCodeUITests;
			sourceTree = "<group>";
		};
/* End PBXGroup section */

/* Begin PBXNativeTarget section */
		BAACF2E824525F6B006ADFA8 /* testingXCode */ = {
			isa = PBXNativeTarget;
			buildConfigurationList = BAACF31324525F6F006ADFA8 /* Build configuration list for PBXNativeTarget "testingXCode" */;
			buildPhases = (
				BAACF2E524525F6B006ADFA8 /* Sources */,
				BAACF2E624525F6B006ADFA8 /* Frameworks */,
				BAACF2E724525F6B006ADFA8 /* Resources */,
			);
			buildRules = (
			);
			dependencies = (
			);
			name = testingXCode;
			productName = testingXCode;
			productReference = BAACF2E924525F6B006ADFA8 /* testingXCode.app */;
			productType = "com.apple.product-type.application";
		};
		BAACF2FE24525F6E006ADFA8 /* testingXCodeTests */ = {
			isa = PBXNativeTarget;
			buildConfigurationList = BAACF31624525F6F006ADFA8 /* Build configuration list for PBXNativeTarget "testingXCodeTests" */;
			buildPhases = (
				BAACF2FB24525F6E006ADFA8 /* Sources */,
				BAACF2FC24525F6E006ADFA8 /* Frameworks */,
				BAACF2FD24525F6E006ADFA8 /* Resources */,
			);
			buildRules = (
			);
			dependencies = (
				BAACF30124525F6E006ADFA8 /* PBXTargetDependency */,
			);
			name = testingXCodeTests;
			productName = testingXCodeTests;
			productReference = BAACF2FF24525F6E006ADFA8 /* testingXCodeTests.xctest */;
			productType = "com.apple.product-type.bundle.unit-test";
		};
		BAACF30924525F6F006ADFA8 /* testingXCodeUITests */ = {
			isa = PBXNativeTarget;
			buildConfigurationList = BAACF31924525F6F006ADFA8 /* Build configuration list for PBXNativeTarget "testingXCodeUITests" */;
			buildPhases = (
				BAACF30624525F6F006ADFA8 /* Sources */,
				BAACF30724525F6F006ADFA8 /* Frameworks */,
				BAACF30824525F6F006ADFA8 /* Resources */,
			);
			buildRules = (
			);
			dependencies = (
				BAACF30C24525F6F006ADFA8 /* PBXTargetDependency */,
			);
			name = testingXCodeUITests;
			productName = testingXCodeUITests;
			productReference = BAACF30A24525F6F006ADFA8 /* testingXCodeUITests.xctest */;
			productType = "com.apple.product-type.bundle.ui-testing";
		};
/* End PBXNativeTarget section */

/* Begin PBXProject section */
		BAACF2E124525F6B006ADFA8 /* Project object */ = {
			isa = PBXProject;
			attributes = {
				LastSwiftUpdateCheck = 1140;
				LastUpgradeCheck = 1140;
				ORGANIZATIONNAME = "Henry Basu";
				TargetAttributes = {
					BAACF2E824525F6B006ADFA8 = {
						CreatedOnToolsVersion = 11.4;
					};
					BAACF2FE24525F6E006ADFA8 = {
						CreatedOnToolsVersion = 11.4;
						TestTargetID = BAACF2E824525F6B006ADFA8;
					};
					BAACF30924525F6F006ADFA8 = {
						CreatedOnToolsVersion = 11.4;
						TestTargetID = BAACF2E824525F6B006ADFA8;
					};
				};
			};
			buildConfigurationList = BAACF2E424525F6B006ADFA8 /* Build configuration list for PBXProject "testingXCode" */;
			compatibilityVersion = "Xcode 9.3";
			developmentRegion = en;
			hasScannedForEncodings = 0;
			knownRegions = (
				en,
				Base,
			);
			mainGroup = BAACF2E024525F6B006ADFA8;
			productRefGroup = BAACF2EA24525F6B006ADFA8 /* Products */;
			projectDirPath = "";
			projectRoot = "";
			targets = (
				BAACF2E824525F6B006ADFA8 /* testingXCode */,
				BAACF2FE24525F6E006ADFA8 /* testingXCodeTests */,
				BAACF30924525F6F006ADFA8 /* testingXCodeUITests */,
			);
		};
/* End PBXProject section */

/* Begin PBXResourcesBuildPhase section */
		BAACF2E724525F6B006ADFA8 /* Resources */ = {
			isa = PBXResourcesBuildPhase;
			buildActionMask = 2147483647;
			files = (
				BAACF2F924525F6E006ADFA8 /* LaunchScreen.storyboard in Resources */,
				BAACF2F624525F6E006ADFA8 /* Preview Assets.xcassets in Resources */,
				BAACF2F324525F6E006ADFA8 /* Assets.xcassets in Resources */,
			);
			runOnlyForDeploymentPostprocessing = 0;
		};
		BAACF2FD24525F6E006ADFA8 /* Resources */ = {
			isa = PBXResourcesBuildPhase;
			buildActionMask = 2147483647;
			files = (
			);
			runOnlyForDeploymentPostprocessing = 0;
		};
		BAACF30824525F6F006ADFA8 /* Resources */ = {
			isa = PBXResourcesBuildPhase;
			buildActionMask = 2147483647;
			files = (
			);
			runOnlyForDeploymentPostprocessing = 0;
		};
/* End PBXResourcesBuildPhase section */

/* Begin PBXSourcesBuildPhase section */
		BAACF2E524525F6B006ADFA8 /* Sources */ = {
			isa = PBXSourcesBuildPhase;
			buildActionMask = 2147483647;
			files = (
				BAACF2ED24525F6B006ADFA8 /* AppDelegate.swift in Sources */,
				BAACF2EF24525F6B006ADFA8 /* SceneDelegate.swift in Sources */,
				BAACF2F124525F6B006ADFA8 /* ContentView.swift in Sources */,
			);
			runOnlyForDeploymentPostprocessing = 0;
		};
		BAACF2FB24525F6E006ADFA8 /* Sources */ = {
			isa = PBXSourcesBuildPhase;
			buildActionMask = 2147483647;
			files = (
				BAACF30424525F6E006ADFA8 /* testingXCodeTests.swift in Sources */,
			);
			runOnlyForDeploymentPostprocessing = 0;
		};
		BAACF30624525F6F006ADFA8 /* Sources */ = {
			isa = PBXSourcesBuildPhase;
			buildActionMask = 2147483647;
			files = (
				BAACF30F24525F6F006ADFA8 /* testingXCodeUITests.swift in Sources */,
			);
			runOnlyForDeploymentPostprocessing = 0;
		};
/* End PBXSourcesBuildPhase section */

/* Begin PBXTargetDependency section */
		BAACF30124525F6E006ADFA8 /* PBXTargetDependency */ = {
			isa = PBXTargetDependency;
			target = BAACF2E824525F6B006ADFA8 /* testingXCode */;
			targetProxy = BAACF30024525F6E006ADFA8 /* PBXContainerItemProxy */;
		};
		BAACF30C24525F6F006ADFA8 /* PBXTargetDependency */ = {
			isa = PBXTargetDependency;
			target = BAACF2E824525F6B006ADFA8 /* testingXCode */;
			targetProxy = BAACF30B24525F6F006ADFA8 /* PBXContainerItemProxy */;
		};
/* End PBXTargetDependency section */

/* Begin PBXVariantGroup section */
		BAACF2F724525F6E006ADFA8 /* LaunchScreen.storyboard */ = {
			isa = PBXVariantGroup;
			children = (
				BAACF2F824525F6E006ADFA8 /* Base */,
			);
			name = LaunchScreen.storyboard;
			sourceTree = "<group>";
		};
/* End PBXVariantGroup section */

/* Begin XCBuildConfiguration section */
		BAACF31124525F6F006ADFA8 /* Debug */ = {
			isa = XCBuildConfiguration;
			buildSettings = {
				ALWAYS_SEARCH_USER_PATHS = NO;
				CLANG_ANALYZER_NONNULL = YES;
				CLANG_ANALYZER_NUMBER_OBJECT_CONVERSION = YES_AGGRESSIVE;
				CLANG_CXX_LANGUAGE_STANDARD = "gnu++14";
				CLANG_CXX_LIBRARY = "libc++";
				CLANG_ENABLE_MODULES = YES;
				CLANG_ENABLE_OBJC_ARC = YES;
				CLANG_ENABLE_OBJC_WEAK = YES;
				CLANG_WARN_BLOCK_CAPTURE_AUTORELEASING = YES;
				CLANG_WARN_BOOL_CONVERSION = YES;
				CLANG_WARN_COMMA = YES;
				CLANG_WARN_CONSTANT_CONVERSION = YES;
				CLANG_WARN_DEPRECATED_OBJC_IMPLEMENTATIONS = YES;
				CLANG_WARN_DIRECT_OBJC_ISA_USAGE = YES_ERROR;
				CLANG_WARN_DOCUMENTATION_COMMENTS = YES;
				CLANG_WARN_EMPTY_BODY = YES;
				CLANG_WARN_ENUM_CONVERSION = YES;
				CLANG_WARN_INFINITE_RECURSION = YES;
				CLANG_WARN_INT_CONVERSION = YES;
				CLANG_WARN_NON_LITERAL_NULL_CONVERSION = YES;
				CLANG_WARN_OBJC_IMPLICIT_RETAIN_SELF = YES;
				CLANG_WARN_OBJC_LITERAL_CONVERSION = YES;
				CLANG_WARN_OBJC_ROOT_CLASS = YES_ERROR;
				CLANG_WARN_RANGE_LOOP_ANALYSIS = YES;
				CLANG_WARN_STRICT_PROTOTYPES = YES;
				CLANG_WARN_SUSPICIOUS_MOVE = YES;
				CLANG_WARN_UNGUARDED_AVAILABILITY = YES_AGGRESSIVE;
				CLANG_WARN_UNREACHABLE_CODE = YES;
				CLANG_WARN__DUPLICATE_METHOD_MATCH = YES;
				COPY_PHASE_STRIP = NO;
				DEBUG_INFORMATION_FORMAT = dwarf;
				ENABLE_STRICT_OBJC_MSGSEND = YES;
				ENABLE_TESTABILITY = YES;
				GCC_C_LANGUAGE_STANDARD = gnu11;
				GCC_DYNAMIC_NO_PIC = NO;
				GCC_NO_COMMON_BLOCKS = YES;
				GCC_OPTIMIZATION_LEVEL = 0;
				GCC_PREPROCESSOR_DEFINITIONS = (
					"DEBUG=1",
					"$(inherited)",
				);
				GCC_WARN_64_TO_32_BIT_CONVERSION = YES;
				GCC_WARN_ABOUT_RETURN_TYPE = YES_ERROR;
				GCC_WARN_UNDECLARED_SELECTOR = YES;
				GCC_WARN_UNINITIALIZED_AUTOS = YES_AGGRESSIVE;
				GCC_WARN_UNUSED_FUNCTION = YES;
				GCC_WARN_UNUSED_VARIABLE = YES;
				IPHONEOS_DEPLOYMENT_TARGET = 13.4;
				MTL_ENABLE_DEBUG_INFO = INCLUDE_SOURCE;
				MTL_FAST_MATH = YES;
				ONLY_ACTIVE_ARCH = YES;
				SDKROOT = iphoneos;
				SWIFT_ACTIVE_COMPILATION_CONDITIONS = DEBUG;
				SWIFT_OPTIMIZATION_LEVEL = "-Onone";
			};
			name = Debug;
		};
		BAACF31224525F6F006ADFA8 /* Release */ = {
			isa = XCBuildConfiguration;
			buildSettings = {
				ALWAYS_SEARCH_USER_PATHS = NO;
				CLANG_ANALYZER_NONNULL = YES;
				CLANG_ANALYZER_NUMBER_OBJECT_CONVERSION = YES_AGGRESSIVE;
				CLANG_CXX_LANGUAGE_STANDARD = "gnu++14";
				CLANG_CXX_LIBRARY = "libc++";
				CLANG_ENABLE_MODULES = YES;
				CLANG_ENABLE_OBJC_ARC = YES;
				CLANG_ENABLE_OBJC_WEAK = YES;
				CLANG_WARN_BLOCK_CAPTURE_AUTORELEASING = YES;
				CLANG_WARN_BOOL_CONVERSION = YES;
				CLANG_WARN_COMMA = YES;
				CLANG_WARN_CONSTANT_CONVERSION = YES;
				CLANG_WARN_DEPRECATED_OBJC_IMPLEMENTATIONS = YES;
				CLANG_WARN_DIRECT_OBJC_ISA_USAGE = YES_ERROR;
				CLANG_WARN_DOCUMENTATION_COMMENTS = YES;
				CLANG_WARN_EMPTY_BODY = YES;
				CLANG_WARN_ENUM_CONVERSION = YES;
				CLANG_WARN_INFINITE_RECURSION = YES;
				CLANG_WARN_INT_CONVERSION = YES;
				CLANG_WARN_NON_LITERAL_NULL_CONVERSION = YES;
				CLANG_WARN_OBJC_IMPLICIT_RETAIN_SELF = YES;
				CLANG_WARN_OBJC_LITERAL_CONVERSION = YES;
				CLANG_WARN_OBJC_ROOT_CLASS = YES_ERROR;
				CLANG_WARN_RANGE_LOOP_ANALYSIS = YES;
				CLANG_WARN_STRICT_PROTOTYPES = YES;
				CLANG_WARN_SUSPICIOUS_MOVE = YES;
				CLANG_WARN_UNGUARDED_AVAILABILITY = YES_AGGRESSIVE;
				CLANG_WARN_UNREACHABLE_CODE = YES;
				CLANG_WARN__DUPLICATE_METHOD_MATCH = YES;
				COPY_PHASE_STRIP = NO;
				DEBUG_INFORMATION_FORMAT = "dwarf-with-dsym";
				ENABLE_NS_ASSERTIONS = NO;
				ENABLE_STRICT_OBJC_MSGSEND = YES;
				GCC_C_LANGUAGE_STANDARD = gnu11;
				GCC_NO_COMMON_BLOCKS = YES;
				GCC_WARN_64_TO_32_BIT_CONVERSION = YES;
				GCC_WARN_ABOUT_RETURN_TYPE = YES_ERROR;
				GCC_WARN_UNDECLARED_SELECTOR = YES;
				GCC_WARN_UNINITIALIZED_AUTOS = YES_AGGRESSIVE;
				GCC_WARN_UNUSED_FUNCTION = YES;
				GCC_WARN_UNUSED_VARIABLE = YES;
				IPHONEOS_DEPLOYMENT_TARGET = 13.4;
				MTL_ENABLE_DEBUG_INFO = NO;
				MTL_FAST_MATH = YES;
				SDKROOT = iphoneos;
				SWIFT_COMPILATION_MODE = wholemodule;
				SWIFT_OPTIMIZATION_LEVEL = "-O";
				VALIDATE_PRODUCT = YES;
			};
			name = Release;
		};
		BAACF31424525F6F006ADFA8 /* Debug */ = {
			isa = XCBuildConfiguration;
			buildSettings = {
				ASSETCATALOG_COMPILER_APPICON_NAME = AppIcon;
				CODE_SIGN_STYLE = Automatic;
				DEVELOPMENT_ASSET_PATHS = "\"testingXCode/Preview Content\"";
				DEVELOPMENT_TEAM = UGJT3FD4K6;
				ENABLE_PREVIEWS = YES;
				INFOPLIST_FILE = testingXCode/Info.plist;
				LD_RUNPATH_SEARCH_PATHS = (
					"$(inherited)",
					"@executable_path/Frameworks",
				);
				PRODUCT_BUNDLE_IDENTIFIER = feedMe.testingXCode;
				PRODUCT_NAME = "$(TARGET_NAME)";
				SWIFT_VERSION = 5.0;
				TARGETED_DEVICE_FAMILY = "1,2";
			};
			name = Debug;
		};
		BAACF31524525F6F006ADFA8 /* Release */ = {
			isa = XCBuildConfiguration;
			buildSettings = {
				ASSETCATALOG_COMPILER_APPICON_NAME = AppIcon;
				CODE_SIGN_STYLE = Automatic;
				DEVELOPMENT_ASSET_PATHS = "\"testingXCode/Preview Content\"";
				DEVELOPMENT_TEAM = UGJT3FD4K6;
				ENABLE_PREVIEWS = YES;
				INFOPLIST_FILE = testingXCode/Info.plist;
				LD_RUNPATH_SEARCH_PATHS = (
					"$(inherited)",
					"@executable_path/Frameworks",
				);
				PRODUCT_BUNDLE_IDENTIFIER = feedMe.testingXCode;
				PRODUCT_NAME = "$(TARGET_NAME)";
				SWIFT_VERSION = 5.0;
				TARGETED_DEVICE_FAMILY = "1,2";
			};
			name = Release;
		};
		BAACF31724525F6F006ADFA8 /* Debug */ = {
			isa = XCBuildConfiguration;
			buildSettings = {
				ALWAYS_EMBED_SWIFT_STANDARD_LIBRARIES = YES;
				BUNDLE_LOADER = "$(TEST_HOST)";
				CODE_SIGN_STYLE = Automatic;
				DEVELOPMENT_TEAM = UGJT3FD4K6;
				INFOPLIST_FILE = testingXCodeTests/Info.plist;
				IPHONEOS_DEPLOYMENT_TARGET = 13.4;
				LD_RUNPATH_SEARCH_PATHS = (
					"$(inherited)",
					"@executable_path/Frameworks",
					"@loader_path/Frameworks",
				);
				PRODUCT_BUNDLE_IDENTIFIER = feedMe.testingXCodeTests;
				PRODUCT_NAME = "$(TARGET_NAME)";
				SWIFT_VERSION = 5.0;
				TARGETED_DEVICE_FAMILY = "1,2";
				TEST_HOST = "$(BUILT_PRODUCTS_DIR)/testingXCode.app/testingXCode";
			};
			name = Debug;
		};
		BAACF31824525F6F006ADFA8 /* Release */ = {
			isa = XCBuildConfiguration;
			buildSettings = {
				ALWAYS_EMBED_SWIFT_STANDARD_LIBRARIES = YES;
				BUNDLE_LOADER = "$(TEST_HOST)";
				CODE_SIGN_STYLE = Automatic;
				DEVELOPMENT_TEAM = UGJT3FD4K6;
				INFOPLIST_FILE = testingXCodeTests/Info.plist;
				IPHONEOS_DEPLOYMENT_TARGET = 13.4;
				LD_RUNPATH_SEARCH_PATHS = (
					"$(inherited)",
					"@executable_path/Frameworks",
					"@loader_path/Frameworks",
				);
				PRODUCT_BUNDLE_IDENTIFIER = feedMe.testingXCodeTests;
				PRODUCT_NAME = "$(TARGET_NAME)";
				SWIFT_VERSION = 5.0;
				TARGETED_DEVICE_FAMILY = "1,2";
				TEST_HOST = "$(BUILT_PRODUCTS_DIR)/testingXCode.app/testingXCode";
			};
			name = Release;
		};
		BAACF31A24525F6F006ADFA8 /* Debug */ = {
			isa = XCBuildConfiguration;
			buildSettings = {
				ALWAYS_EMBED_SWIFT_STANDARD_LIBRARIES = YES;
				CODE_SIGN_STYLE = Automatic;
				DEVELOPMENT_TEAM = UGJT3FD4K6;
				INFOPLIST_FILE = testingXCodeUITests/Info.plist;
				LD_RUNPATH_SEARCH_PATHS = (
					"$(inherited)",
					"@executable_path/Frameworks",
					"@loader_path/Frameworks",
				);
				PRODUCT_BUNDLE_IDENTIFIER = feedMe.testingXCodeUITests;
				PRODUCT_NAME = "$(TARGET_NAME)";
				SWIFT_VERSION = 5.0;
				TARGETED_DEVICE_FAMILY = "1,2";
				TEST_TARGET_NAME = testingXCode;
			};
			name = Debug;
		};
		BAACF31B24525F6F006ADFA8 /* Release */ = {
			isa = XCBuildConfiguration;
			buildSettings = {
				ALWAYS_EMBED_SWIFT_STANDARD_LIBRARIES = YES;
				CODE_SIGN_STYLE = Automatic;
				DEVELOPMENT_TEAM = UGJT3FD4K6;
				INFOPLIST_FILE = testingXCodeUITests/Info.plist;
				LD_RUNPATH_SEARCH_PATHS = (
					"$(inherited)",
					"@executable_path/Frameworks",
					"@loader_path/Frameworks",
				);
				PRODUCT_BUNDLE_IDENTIFIER = feedMe.testingXCodeUITests;
				PRODUCT_NAME = "$(TARGET_NAME)";
				SWIFT_VERSION = 5.0;
				TARGETED_DEVICE_FAMILY = "1,2";
				TEST_TARGET_NAME = testingXCode;
			};
			name = Release;
		};
/* End XCBuildConfiguration section */

/* Begin XCConfigurationList section */
		BAACF2E424525F6B006ADFA8 /* Build configuration list for PBXProject "testingXCode" */ = {
			isa = XCConfigurationList;
			buildConfigurations = (
				BAACF31124525F6F006ADFA8 /* Debug */,
				BAACF31224525F6F006ADFA8 /* Release */,
			);
			defaultConfigurationIsVisible = 0;
			defaultConfigurationName = Release;
		};
		BAACF31324525F6F006ADFA8 /* Build configuration list for PBXNativeTarget "testingXCode" */ = {
			isa = XCConfigurationList;
			buildConfigurations = (
				BAACF31424525F6F006ADFA8 /* Debug */,
				BAACF31524525F6F006ADFA8 /* Release */,
			);
			defaultConfigurationIsVisible = 0;
			defaultConfigurationName = Release;
		};
		BAACF31624525F6F006ADFA8 /* Build configuration list for PBXNativeTarget "testingXCodeTests" */ = {
			isa = XCConfigurationList;
			buildConfigurations = (
				BAACF31724525F6F006ADFA8 /* Debug */,
				BAACF31824525F6F006ADFA8 /* Release */,
			);
			defaultConfigurationIsVisible = 0;
			defaultConfigurationName = Release;
		};
		BAACF31924525F6F006ADFA8 /* Build configuration list for PBXNativeTarget "testingXCodeUITests" */ = {
			isa = XCConfigurationList;
			buildConfigurations = (
				BAACF31A24525F6F006ADFA8 /* Debug */,
				BAACF31B24525F6F006ADFA8 /* Release */,
			);
			defaultConfigurationIsVisible = 0;
			defaultConfigurationName = Release;
		};
/* End XCConfigurationList section */
	};
	rootObject = BAACF2E124525F6B006ADFA8 /* Project object */;
}
